
Microsoft Visual Studio Solution File, Format Version 12.00
# Visual Studio 15
VisualStudioVersion = 15.0.28010.2026
MinimumVisualStudioVersion = 10.0.40219.1
Project("{E24C65DC-7377-472B-9ABA-BC803B73C61A}") = "ab-MultiTexture", "ab-MultiTexture\", "{2374CE92-0B95-48EE-9383-05B81D653BCE}"
	ProjectSection(WebsiteProperties) = preProject
		TargetFrameworkMoniker = ".NETFramework,Version%3Dv4.6.1"
		Debug.AspNetCompiler.VirtualPath = "/localhost_41085"
		Debug.AspNetCompiler.PhysicalPath = "ab-MultiTexture\"
		Debug.AspNetCompiler.TargetPath = "PrecompiledWeb\localhost_41085\"
		Debug.AspNetCompiler.Updateable = "true"
		Debug.AspNetCompiler.ForceOverwrite = "true"
		Debug.AspNetCompiler.FixedNames = "false"
		Debug.AspNetCompiler.Debug = "True"
		Release.AspNetCompiler.VirtualPath = "/localhost_41085"
		Release.AspNetCompiler.PhysicalPath = "ab-MultiTexture\"
		Release.AspNetCompiler.TargetPath = "PrecompiledWeb\localhost_41085\"
		Release.AspNetCompiler.Updateable = "true"
		Release.AspNetCompiler.ForceOverwrite = "true"
		Release.AspNetCompiler.FixedNames = "false"
		Release.AspNetCompiler.Debug = "False"
		VWDPort = "41085"
		SlnRelativePath = "ab-MultiTexture\"
		DefaultWebSiteLanguage = "Visual C#"
	EndProjectSection
EndProject
Global
	GlobalSection(SolutionConfigurationPlatforms) = preSolution
		Debug|Any CPU = Debug|Any CPU
	EndGlobalSection
	GlobalSection(ProjectConfigurationPlatforms) = postSolution
		{2374CE92-0B95-48EE-9383-05B81D653BCE}.Debug|Any CPU.ActiveCfg = Debug|Any CPU
		{2374CE92-0B95-48EE-9383-05B81D653BCE}.Debug|Any CPU.Build.0 = Debug|Any CPU
	EndGlobalSection
	GlobalSection(SolutionProperties) = preSolution
		HideSolutionNode = FALSE
	EndGlobalSection
	GlobalSection(ExtensibilityGlobals) = postSolution
		SolutionGuid = {1359A3BF-0AC9-4307-9E47-C0E874B03C2D}
	EndGlobalSection
EndGlobal
